// !$*UTF8*$!
{
	archiveVersion = 1;
	classes = {
	};
	objectVersion = 46;
	objects = {

/* Begin PBXBuildFile section */
		B61168111E19DA7C0066EEFE /* StringTransformations.swift in Sources */ = {isa = PBXBuildFile; fileRef = B61168101E19DA7C0066EEFE /* StringTransformations.swift */; };
		B6D3E02D1E17709F00841A0D /* AppDelegate.swift in Sources */ = {isa = PBXBuildFile; fileRef = B6D3E02C1E17709F00841A0D /* AppDelegate.swift */; };
		B6D3E02F1E17709F00841A0D /* Assets.xcassets in Resources */ = {isa = PBXBuildFile; fileRef = B6D3E02E1E17709F00841A0D /* Assets.xcassets */; };
		B6D3E0321E17709F00841A0D /* MainMenu.xib in Resources */ = {isa = PBXBuildFile; fileRef = B6D3E0301E17709F00841A0D /* MainMenu.xib */; };
		B6FA39A51E183D2E00924992 /* Codegen.swift in Sources */ = {isa = PBXBuildFile; fileRef = B6FA39A41E183D2E00924992 /* Codegen.swift */; };
		B6FA39A71E183D8200924992 /* Parse.swift in Sources */ = {isa = PBXBuildFile; fileRef = B6FA39A61E183D8200924992 /* Parse.swift */; };
/* End PBXBuildFile section */

/* Begin PBXFileReference section */
		B61168101E19DA7C0066EEFE /* StringTransformations.swift */ = {isa = PBXFileReference; fileEncoding = 4; lastKnownFileType = sourcecode.swift; path = StringTransformations.swift; sourceTree = "<group>"; };
		B61168121E19DB7A0066EEFE /* CODE_OF_CONDUCT.md */ = {isa = PBXFileReference; fileEncoding = 4; lastKnownFileType = net.daringfireball.markdown; path = CODE_OF_CONDUCT.md; sourceTree = "<group>"; };
		B61168131E19DB7A0066EEFE /* LICENSE.md */ = {isa = PBXFileReference; fileEncoding = 4; lastKnownFileType = net.daringfireball.markdown; path = LICENSE.md; sourceTree = "<group>"; };
		B61168141E19DB7A0066EEFE /* README.md */ = {isa = PBXFileReference; fileEncoding = 4; lastKnownFileType = net.daringfireball.markdown; path = README.md; sourceTree = "<group>"; };
		B6D3E0291E17709F00841A0D /* j2s.app */ = {isa = PBXFileReference; explicitFileType = wrapper.application; includeInIndex = 0; path = j2s.app; sourceTree = BUILT_PRODUCTS_DIR; };
		B6D3E02C1E17709F00841A0D /* AppDelegate.swift */ = {isa = PBXFileReference; lastKnownFileType = sourcecode.swift; path = AppDelegate.swift; sourceTree = "<group>"; };
		B6D3E02E1E17709F00841A0D /* Assets.xcassets */ = {isa = PBXFileReference; lastKnownFileType = folder.assetcatalog; path = Assets.xcassets; sourceTree = "<group>"; };
		B6D3E0311E17709F00841A0D /* Base */ = {isa = PBXFileReference; lastKnownFileType = file.xib; name = Base; path = Base.lproj/MainMenu.xib; sourceTree = "<group>"; };
		B6D3E0331E17709F00841A0D /* Info.plist */ = {isa = PBXFileReference; lastKnownFileType = text.plist.xml; path = Info.plist; sourceTree = "<group>"; };
		B6FA39A41E183D2E00924992 /* Codegen.swift */ = {isa = PBXFileReference; fileEncoding = 4; lastKnownFileType = sourcecode.swift; path = Codegen.swift; sourceTree = "<group>"; };
		B6FA39A61E183D8200924992 /* Parse.swift */ = {isa = PBXFileReference; fileEncoding = 4; lastKnownFileType = sourcecode.swift; path = Parse.swift; sourceTree = "<group>"; };
/* End PBXFileReference section */

/* Begin PBXFrameworksBuildPhase section */
		B6D3E0261E17709F00841A0D /* Frameworks */ = {
			isa = PBXFrameworksBuildPhase;
			buildActionMask = 2147483647;
			files = (
			);
			runOnlyForDeploymentPostprocessing = 0;
		};
/* End PBXFrameworksBuildPhase section */

/* Begin PBXGroup section */
		B61168181E19DB810066EEFE /* Documents */ = {
			isa = PBXGroup;
			children = (
				B61168121E19DB7A0066EEFE /* CODE_OF_CONDUCT.md */,
				B61168131E19DB7A0066EEFE /* LICENSE.md */,
				B61168141E19DB7A0066EEFE /* README.md */,
			);
			name = Documents;
			sourceTree = "<group>";
		};
		B6D3E0201E17709F00841A0D = {
			isa = PBXGroup;
			children = (
				B6D3E02B1E17709F00841A0D /* Code */,
				B6D3E02A1E17709F00841A0D /* Products */,
				B61168181E19DB810066EEFE /* Documents */,
			);
			sourceTree = "<group>";
		};
		B6D3E02A1E17709F00841A0D /* Products */ = {
			isa = PBXGroup;
			children = (
				B6D3E0291E17709F00841A0D /* j2s.app */,
			);
			name = Products;
			sourceTree = "<group>";
		};
		B6D3E02B1E17709F00841A0D /* Code */ = {
			isa = PBXGroup;
			children = (
				B6D3E02C1E17709F00841A0D /* AppDelegate.swift */,
				B6FA39A41E183D2E00924992 /* Codegen.swift */,
				B6FA39A61E183D8200924992 /* Parse.swift */,
				B61168101E19DA7C0066EEFE /* StringTransformations.swift */,
				B6D3E02E1E17709F00841A0D /* Assets.xcassets */,
				B6D3E0301E17709F00841A0D /* MainMenu.xib */,
				B6D3E0331E17709F00841A0D /* Info.plist */,
			);
			name = Code;
			path = j2s;
			sourceTree = "<group>";
		};
/* End PBXGroup section */

/* Begin PBXNativeTarget section */
		B6D3E0281E17709F00841A0D /* j2s */ = {
			isa = PBXNativeTarget;
			buildConfigurationList = B6D3E0361E17709F00841A0D /* Build configuration list for PBXNativeTarget "j2s" */;
			buildPhases = (
				B6D3E0251E17709F00841A0D /* Sources */,
				B6D3E0261E17709F00841A0D /* Frameworks */,
				B6D3E0271E17709F00841A0D /* Resources */,
			);
			buildRules = (
			);
			dependencies = (
			);
			name = j2s;
			productName = j2s;
			productReference = B6D3E0291E17709F00841A0D /* j2s.app */;
			productType = "com.apple.product-type.application";
		};
/* End PBXNativeTarget section */

/* Begin PBXProject section */
		B6D3E0211E17709F00841A0D /* Project object */ = {
			isa = PBXProject;
			attributes = {
				LastSwiftUpdateCheck = 0820;
				LastUpgradeCheck = 0820;
				TargetAttributes = {
					B6D3E0281E17709F00841A0D = {
						CreatedOnToolsVersion = 8.2.1;
						DevelopmentTeam = 37EUQ42C7J;
						ProvisioningStyle = Automatic;
					};
				};
			};
			buildConfigurationList = B6D3E0241E17709F00841A0D /* Build configuration list for PBXProject "j2s" */;
			compatibilityVersion = "Xcode 3.2";
			developmentRegion = English;
			hasScannedForEncodings = 0;
			knownRegions = (
				en,
				Base,
			);
			mainGroup = B6D3E0201E17709F00841A0D;
			productRefGroup = B6D3E02A1E17709F00841A0D /* Products */;
			projectDirPath = "";
			projectRoot = "";
			targets = (
				B6D3E0281E17709F00841A0D /* j2s */,
			);
		};
/* End PBXProject section */

/* Begin PBXResourcesBuildPhase section */
		B6D3E0271E17709F00841A0D /* Resources */ = {
			isa = PBXResourcesBuildPhase;
			buildActionMask = 2147483647;
			files = (
				B6D3E02F1E17709F00841A0D /* Assets.xcassets in Resources */,
				B6D3E0321E17709F00841A0D /* MainMenu.xib in Resources */,
			);
			runOnlyForDeploymentPostprocessing = 0;
		};
/* End PBXResourcesBuildPhase section */

/* Begin PBXSourcesBuildPhase section */
		B6D3E0251E17709F00841A0D /* Sources */ = {
			isa = PBXSourcesBuildPhase;
			buildActionMask = 2147483647;
			files = (
				B6FA39A71E183D8200924992 /* Parse.swift in Sources */,
				B61168111E19DA7C0066EEFE /* StringTransformations.swift in Sources */,
				B6D3E02D1E17709F00841A0D /* AppDelegate.swift in Sources */,
				B6FA39A51E183D2E00924992 /* Codegen.swift in Sources */,
			);
			runOnlyForDeploymentPostprocessing = 0;
		};
/* End PBXSourcesBuildPhase section */

/* Begin PBXVariantGroup section */
		B6D3E0301E17709F00841A0D /* MainMenu.xib */ = {
			isa = PBXVariantGroup;
			children = (
				B6D3E0311E17709F00841A0D /* Base */,
			);
			name = MainMenu.xib;
			sourceTree = "<group>";
		};
/* End PBXVariantGroup section */

/* Begin XCBuildConfiguration section */
		B6D3E0341E17709F00841A0D /* Debug */ = {
			isa = XCBuildConfiguration;
			buildSettings = {
				ALWAYS_SEARCH_USER_PATHS = NO;
				CLANG_ANALYZER_NONNULL = YES;
				CLANG_CXX_LANGUAGE_STANDARD = "gnu++0x";
				CLANG_CXX_LIBRARY = "libc++";
				CLANG_ENABLE_MODULES = YES;
				CLANG_ENABLE_OBJC_ARC = YES;
				CLANG_WARN_BOOL_CONVERSION = YES;
				CLANG_WARN_CONSTANT_CONVERSION = YES;
				CLANG_WARN_DIRECT_OBJC_ISA_USAGE = YES_ERROR;
				CLANG_WARN_DOCUMENTATION_COMMENTS = YES;
				CLANG_WARN_EMPTY_BODY = YES;
				CLANG_WARN_ENUM_CONVERSION = YES;
				CLANG_WARN_INFINITE_RECURSION = YES;
				CLANG_WARN_INT_CONVERSION = YES;
				CLANG_WARN_OBJC_ROOT_CLASS = YES_ERROR;
				CLANG_WARN_SUSPICIOUS_MOVE = YES;
				CLANG_WARN_UNREACHABLE_CODE = YES;
				CLANG_WARN__DUPLICATE_METHOD_MATCH = YES;
				CODE_SIGN_IDENTITY = "-";
				COPY_PHASE_STRIP = NO;
				DEBUG_INFORMATION_FORMAT = dwarf;
				ENABLE_STRICT_OBJC_MSGSEND = YES;
				ENABLE_TESTABILITY = YES;
				GCC_C_LANGUAGE_STANDARD = gnu99;
				GCC_DYNAMIC_NO_PIC = NO;
				GCC_NO_COMMON_BLOCKS = YES;
				GCC_OPTIMIZATION_LEVEL = 0;
				GCC_PREPROCESSOR_DEFINITIONS = (
					"DEBUG=1",
					"$(inherited)",
				);
				GCC_WARN_64_TO_32_BIT_CONVERSION = YES;
				GCC_WARN_ABOUT_RETURN_TYPE = YES_ERROR;
				GCC_WARN_UNDECLARED_SELECTOR = YES;
				GCC_WARN_UNINITIALIZED_AUTOS = YES_AGGRESSIVE;
				GCC_WARN_UNUSED_FUNCTION = YES;
				GCC_WARN_UNUSED_VARIABLE = YES;
				MACOSX_DEPLOYMENT_TARGET = 10.12;
				MTL_ENABLE_DEBUG_INFO = YES;
				ONLY_ACTIVE_ARCH = YES;
				SDKROOT = macosx;
				SWIFT_ACTIVE_COMPILATION_CONDITIONS = DEBUG;
				SWIFT_OPTIMIZATION_LEVEL = "-Onone";
			};
			name = Debug;
		};
		B6D3E0351E17709F00841A0D /* Release */ = {
			isa = XCBuildConfiguration;
			buildSettings = {
				ALWAYS_SEARCH_USER_PATHS = NO;
				CLANG_ANALYZER_NONNULL = YES;
				CLANG_CXX_LANGUAGE_STANDARD = "gnu++0x";
				CLANG_CXX_LIBRARY = "libc++";
				CLANG_ENABLE_MODULES = YES;
				CLANG_ENABLE_OBJC_ARC = YES;
				CLANG_WARN_BOOL_CONVERSION = YES;
				CLANG_WARN_CONSTANT_CONVERSION = YES;
				CLANG_WARN_DIRECT_OBJC_ISA_USAGE = YES_ERROR;
				CLANG_WARN_DOCUMENTATION_COMMENTS = YES;
				CLANG_WARN_EMPTY_BODY = YES;
				CLANG_WARN_ENUM_CONVERSION = YES;
				CLANG_WARN_INFINITE_RECURSION = YES;
				CLANG_WARN_INT_CONVERSION = YES;
				CLANG_WARN_OBJC_ROOT_CLASS = YES_ERROR;
				CLANG_WARN_SUSPICIOUS_MOVE = YES;
				CLANG_WARN_UNREACHABLE_CODE = YES;
				CLANG_WARN__DUPLICATE_METHOD_MATCH = YES;
				CODE_SIGN_IDENTITY = "-";
				COPY_PHASE_STRIP = NO;
				DEBUG_INFORMATION_FORMAT = "dwarf-with-dsym";
				ENABLE_NS_ASSERTIONS = NO;
				ENABLE_STRICT_OBJC_MSGSEND = YES;
				GCC_C_LANGUAGE_STANDARD = gnu99;
				GCC_NO_COMMON_BLOCKS = YES;
				GCC_WARN_64_TO_32_BIT_CONVERSION = YES;
				GCC_WARN_ABOUT_RETURN_TYPE = YES_ERROR;
				GCC_WARN_UNDECLARED_SELECTOR = YES;
				GCC_WARN_UNINITIALIZED_AUTOS = YES_AGGRESSIVE;
				GCC_WARN_UNUSED_FUNCTION = YES;
				GCC_WARN_UNUSED_VARIABLE = YES;
				MACOSX_DEPLOYMENT_TARGET = 10.12;
				MTL_ENABLE_DEBUG_INFO = NO;
				SDKROOT = macosx;
				SWIFT_OPTIMIZATION_LEVEL = "-Owholemodule";
			};
			name = Release;
		};
		B6D3E0371E17709F00841A0D /* Debug */ = {
			isa = XCBuildConfiguration;
			buildSettings = {
				ASSETCATALOG_COMPILER_APPICON_NAME = AppIcon;
				COMBINE_HIDPI_IMAGES = YES;
				DEVELOPMENT_TEAM = 37EUQ42C7J;
				INFOPLIST_FILE = j2s/Info.plist;
				LD_RUNPATH_SEARCH_PATHS = "$(inherited) @executable_path/../Frameworks";
				PRODUCT_BUNDLE_IDENTIFIER = com.nombytes.j2s;
				PRODUCT_NAME = "$(TARGET_NAME)";
				SWIFT_VERSION = 3.0;
			};
			name = Debug;
		};
		B6D3E0381E17709F00841A0D /* Release */ = {
			isa = XCBuildConfiguration;
			buildSettings = {
				ASSETCATALOG_COMPILER_APPICON_NAME = AppIcon;
				COMBINE_HIDPI_IMAGES = YES;
				DEVELOPMENT_TEAM = 37EUQ42C7J;
				INFOPLIST_FILE = j2s/Info.plist;
				LD_RUNPATH_SEARCH_PATHS = "$(inherited) @executable_path/../Frameworks";
				PRODUCT_BUNDLE_IDENTIFIER = com.nombytes.j2s;
				PRODUCT_NAME = "$(TARGET_NAME)";
				SWIFT_VERSION = 3.0;
			};
			name = Release;
		};
/* End XCBuildConfiguration section */

/* Begin XCConfigurationList section */
		B6D3E0241E17709F00841A0D /* Build configuration list for PBXProject "j2s" */ = {
			isa = XCConfigurationList;
			buildConfigurations = (
				B6D3E0341E17709F00841A0D /* Debug */,
				B6D3E0351E17709F00841A0D /* Release */,
			);
			defaultConfigurationIsVisible = 0;
			defaultConfigurationName = Release;
		};
		B6D3E0361E17709F00841A0D /* Build configuration list for PBXNativeTarget "j2s" */ = {
			isa = XCConfigurationList;
			buildConfigurations = (
				B6D3E0371E17709F00841A0D /* Debug */,
				B6D3E0381E17709F00841A0D /* Release */,
			);
			defaultConfigurationIsVisible = 0;
			defaultConfigurationName = Release;
		};
/* End XCConfigurationList section */
	};
	rootObject = B6D3E0211E17709F00841A0D /* Project object */;
}
